
Microsoft Visual Studio Solution File, Format Version 12.00
# Visual Studio Version 17
VisualStudioVersion = 17.13.35818.85 d17.13
MinimumVisualStudioVersion = 10.0.40219.1
Project("{FAE04EC0-301F-11D3-BF4B-00C04F79EFBC}") = "CyberChatBot", "CyberChatBot\CyberChatBot.csproj", "{C8EBE6A3-3204-41AF-848A-AC63306EB59D}"
EndProject
Global
	GlobalSection(SolutionConfigurationPlatforms) = preSolution
		Debug|Any CPU = Debug|Any CPU
		Release|Any CPU = Release|Any CPU
	EndGlobalSection
	GlobalSection(ProjectConfigurationPlatforms) = postSolution
		{C8EBE6A3-3204-41AF-848A-AC63306EB59D}.Debug|Any CPU.ActiveCfg = Debug|Any CPU
		{C8EBE6A3-3204-41AF-848A-AC63306EB59D}.Debug|Any CPU.Build.0 = Debug|Any CPU
		{C8EBE6A3-3204-41AF-848A-AC63306EB59D}.Release|Any CPU.ActiveCfg = Release|Any CPU
		{C8EBE6A3-3204-41AF-848A-AC63306EB59D}.Release|Any CPU.Build.0 = Release|Any CPU
	EndGlobalSection
	GlobalSection(SolutionProperties) = preSolution
		HideSolutionNode = FALSE
	EndGlobalSection
	GlobalSection(ExtensibilityGlobals) = postSolution
		SolutionGuid = {52130CC5-3484-44C1-8BDB-43E46142C133}
	EndGlobalSection
EndGlobal
